
Microsoft Visual Studio Solution File, Format Version 12.00
# Visual Studio Version 17
VisualStudioVersion = 17.6.33815.320
MinimumVisualStudioVersion = 10.0.40219.1
Project("{9A19103F-16F7-4668-BE54-9A1E7A4F7556}") = "FindAndReplace", "FindAndReplace.csproj", "{6A2E18DF-B500-4569-AEB1-508107E14853}"
EndProject
Project("{9A19103F-16F7-4668-BE54-9A1E7A4F7556}") = "FindAndReplace.UnitTests", "..\FindAndReplace.UnitTests\FindAndReplace.UnitTests.csproj", "{14C4873C-7BEF-4187-A979-B080C63CC8B1}"
EndProject
Project("{9A19103F-16F7-4668-BE54-9A1E7A4F7556}") = "FindAndReplace.IntegrationTests", "..\FindAndReplace.IntegrationTests\FindAndReplace.IntegrationTests.csproj", "{679A216F-2DD3-44DD-A079-A9E90EC15FBA}"
EndProject
Project("{2150E333-8FDC-42A3-9474-1A3956D46DE8}") = "Solution Items", "Solution Items", "{7580C429-CD7E-42E8-B966-16963172032B}"
	ProjectSection(SolutionItems) = preProject
		.editorconfig = .editorconfig
		..\..\..\Notes\Variable_Prefixes.txt = ..\..\..\Notes\Variable_Prefixes.txt
	EndProjectSection
EndProject
Global
	GlobalSection(SolutionConfigurationPlatforms) = preSolution
		Debug|Any CPU = Debug|Any CPU
		Release|Any CPU = Release|Any CPU
	EndGlobalSection
	GlobalSection(ProjectConfigurationPlatforms) = postSolution
		{6A2E18DF-B500-4569-AEB1-508107E14853}.Debug|Any CPU.ActiveCfg = Debug|Any CPU
		{6A2E18DF-B500-4569-AEB1-508107E14853}.Debug|Any CPU.Build.0 = Debug|Any CPU
		{6A2E18DF-B500-4569-AEB1-508107E14853}.Release|Any CPU.ActiveCfg = Release|Any CPU
		{6A2E18DF-B500-4569-AEB1-508107E14853}.Release|Any CPU.Build.0 = Release|Any CPU
		{14C4873C-7BEF-4187-A979-B080C63CC8B1}.Debug|Any CPU.ActiveCfg = Debug|Any CPU
		{14C4873C-7BEF-4187-A979-B080C63CC8B1}.Debug|Any CPU.Build.0 = Debug|Any CPU
		{14C4873C-7BEF-4187-A979-B080C63CC8B1}.Release|Any CPU.ActiveCfg = Release|Any CPU
		{14C4873C-7BEF-4187-A979-B080C63CC8B1}.Release|Any CPU.Build.0 = Release|Any CPU
		{679A216F-2DD3-44DD-A079-A9E90EC15FBA}.Debug|Any CPU.ActiveCfg = Debug|Any CPU
		{679A216F-2DD3-44DD-A079-A9E90EC15FBA}.Debug|Any CPU.Build.0 = Debug|Any CPU
		{679A216F-2DD3-44DD-A079-A9E90EC15FBA}.Release|Any CPU.ActiveCfg = Release|Any CPU
		{679A216F-2DD3-44DD-A079-A9E90EC15FBA}.Release|Any CPU.Build.0 = Release|Any CPU
	EndGlobalSection
	GlobalSection(SolutionProperties) = preSolution
		HideSolutionNode = FALSE
	EndGlobalSection
	GlobalSection(ExtensibilityGlobals) = postSolution
		SolutionGuid = {BD1293FF-899E-4BD6-8919-DE85C4877D89}
	EndGlobalSection
EndGlobal
